<?xml version="1.0" encoding="utf-8"?>
<Project ToolsVersion="4.0" xmlns="http://schemas.microsoft.com/developer/msbuild/2003">
  <ItemGroup>
    <ClCompile Include="main.cpp" />
    <ClCompile Include="Base\Base.cpp">
      <Filter>Base</Filter>
    </ClCompile>
    <ClCompile Include="Game\Play.cpp">
      <Filter>Game</Filter>
    </ClCompile>
    <ClCompile Include="Game\Notes.cpp">
      <Filter>Game</Filter>
    </ClCompile>
    <ClCompile Include="Game\SoundBar.cpp">
      <Filter>Game</Filter>
    </ClCompile>
    <ClCompile Include="Game\SelectScene\SelectScene.cpp">
      <Filter>Game\SelectScene</Filter>
    </ClCompile>
    <ClCompile Include="Game\ShareNum.cpp">
      <Filter>Game</Filter>
    </ClCompile>
    <ClCompile Include="Game\Score.cpp">
      <Filter>Game</Filter>
    </ClCompile>
    <ClCompile Include="Game\Ranking.cpp">
      <Filter>Game</Filter>
    </ClCompile>
    <ClCompile Include="Game\ScoreScene.cpp">
      <Filter>Game</Filter>
    </ClCompile>
    <ClCompile Include="Title\Title.cpp">
      <Filter>Title</Filter>
    </ClCompile>
    <ClCompile Include="Game\FreeNotes.cpp">
      <Filter>Game</Filter>
    </ClCompile>
  </ItemGroup>
  <ItemGroup>
    <Filter Include="Game">
      <UniqueIdentifier>{51fca050-6d31-44a9-8f76-816792b3a820}</UniqueIdentifier>
    </Filter>
    <Filter Include="Base">
      <UniqueIdentifier>{cb110097-59e6-4df2-a25d-840205226376}</UniqueIdentifier>
    </Filter>
    <Filter Include="Title">
      <UniqueIdentifier>{244737a8-20cd-442d-870d-0365f1ad07ca}</UniqueIdentifier>
    </Filter>
    <Filter Include="Game\SelectScene">
      <UniqueIdentifier>{71e95445-4e19-440f-b1c2-6d3133bea17b}</UniqueIdentifier>
    </Filter>
  </ItemGroup>
  <ItemGroup>
    <ClInclude Include="Base\Base.h">
      <Filter>Base</Filter>
    </ClInclude>
    <ClInclude Include="Game\Play.h">
      <Filter>Game</Filter>
    </ClInclude>
    <ClInclude Include="Game\Notes.h">
      <Filter>Game</Filter>
    </ClInclude>
    <ClInclude Include="Game\SoundBar.h">
      <Filter>Game</Filter>
    </ClInclude>
    <ClInclude Include="Game\SelectScene\SelectScene.h">
      <Filter>Game\SelectScene</Filter>
    </ClInclude>
    <ClInclude Include="Game\ShareNum.h">
      <Filter>Game</Filter>
    </ClInclude>
    <ClInclude Include="Game\Score.h">
      <Filter>Game</Filter>
    </ClInclude>
    <ClInclude Include="Game\Ranking.h">
      <Filter>Game</Filter>
    </ClInclude>
    <ClInclude Include="Game\ScoreScene.h">
      <Filter>Game</Filter>
    </ClInclude>
    <ClInclude Include="Title\Title.h">
      <Filter>Title</Filter>
    </ClInclude>
    <ClInclude Include="Game\FreeNotes.h">
      <Filter>Game</Filter>
    </ClInclude>
  </ItemGroup>
</Project>